# Generated by pub
# See https://dart.dev/tools/pub/glossary#lockfile
packages:
  _discoveryapis_commons:
    dependency: transitive
    description:
      name: _discoveryapis_commons
      url: "https://pub.dartlang.org"
    source: hosted
    version: "1.0.5"
  args:
    dependency: transitive
    description:
      name: args
      url: "https://pub.dartlang.org"
    source: hosted
    version: "2.3.1"
  asn1lib:
    dependency: transitive
    description:
      name: asn1lib
      url: "https://pub.dartlang.org"
    source: hosted
    version: "1.4.0"
  async:
    dependency: transitive
    description:
      name: async
      url: "https://pub.dartlang.org"
    source: hosted
    version: "2.10.0"
  basic_utils:
    dependency: transitive
    description:
      name: basic_utils
      url: "https://pub.dartlang.org"
    source: hosted
    version: "3.9.4"
  bloc:
    dependency: "direct main"
    description:
      name: bloc
      url: "https://pub.dartlang.org"
    source: hosted
    version: "8.1.0"
  bson:
    dependency: transitive
    description:
      name: bson
      url: "https://pub.dartlang.org"
    source: hosted
    version: "1.0.4"
  buffer:
    dependency: transitive
    description:
      name: buffer
      url: "https://pub.dartlang.org"
    source: hosted
    version: "1.1.1"
  clock:
    dependency: transitive
    description:
      name: clock
      url: "https://pub.dartlang.org"
    source: hosted
    version: "1.1.1"
  collection:
    dependency: transitive
    description:
      name: collection
      url: "https://pub.dartlang.org"
    source: hosted
    version: "1.17.0"
  common:
    dependency: "direct main"
    description:
      path: "../common"
      relative: true
    source: path
    version: "0.1.2"
  convert:
    dependency: transitive
    description:
      name: convert
      url: "https://pub.dartlang.org"
    source: hosted
    version: "3.1.1"
  copy_with_extension:
    dependency: transitive
    description:
      name: copy_with_extension
      url: "https://pub.dartlang.org"
    source: hosted
    version: "5.0.0"
  crypto:
    dependency: transitive
    description:
      name: crypto
      url: "https://pub.dartlang.org"
    source: hosted
    version: "3.0.2"
  crypto_keys:
    dependency: transitive
    description:
      name: crypto_keys
      url: "https://pub.dartlang.org"
    source: hosted
    version: "0.3.0+1"
  dart_dotenv:
    dependency: "direct main"
    description:
      name: dart_dotenv
      url: "https://pub.dartlang.org"
    source: hosted
    version: "1.0.1"
  dcache:
    dependency: "direct main"
    description:
      name: dcache
      url: "https://pub.dartlang.org"
    source: hosted
    version: "0.4.0"
  dotenv:
    dependency: transitive
    description:
      name: dotenv
      url: "https://pub.dartlang.org"
    source: hosted
    version: "3.0.0"
  equatable:
    dependency: "direct main"
    description:
      name: equatable
      url: "https://pub.dartlang.org"
    source: hosted
    version: "2.0.5"
  expressions:
    dependency: transitive
    description:
      name: expressions
      url: "https://pub.dartlang.org"
    source: hosted
    version: "0.2.5"
  fake_async:
    dependency: transitive
    description:
      name: fake_async
      url: "https://pub.dartlang.org"
    source: hosted
    version: "1.3.1"
  firebase_admin_sdk:
    dependency: "direct main"
    description:
      name: firebase_admin_sdk
      url: "https://pub.dartlang.org"
    source: hosted
    version: "0.0.2"
  firebase_dart:
    dependency: transitive
    description:
      name: firebase_dart
      url: "https://pub.dartlang.org"
    source: hosted
    version: "1.0.11"
  fixnum:
    dependency: transitive
    description:
      name: fixnum
      url: "https://pub.dartlang.org"
    source: hosted
    version: "1.0.1"
  gcloud:
    dependency: transitive
    description:
      name: gcloud
      url: "https://pub.dartlang.org"
    source: hosted
    version: "0.8.7"
  get_it:
    dependency: "direct main"
    description:
      name: get_it
      url: "https://pub.dartlang.org"
    source: hosted
    version: "7.2.0"
  googleapis:
    dependency: transitive
    description:
      name: googleapis
      url: "https://pub.dartlang.org"
    source: hosted
    version: "9.2.0"
  googleapis_auth:
    dependency: transitive
    description:
      name: googleapis_auth
      url: "https://pub.dartlang.org"
    source: hosted
    version: "1.3.1"
  hive:
    dependency: transitive
    description:
      name: hive
      url: "https://pub.dartlang.org"
    source: hosted
    version: "2.2.3"
  http:
    dependency: transitive
    description:
      name: http
      url: "https://pub.dartlang.org"
    source: hosted
    version: "0.13.5"
  http_methods:
    dependency: transitive
    description:
      name: http_methods
      url: "https://pub.dartlang.org"
    source: hosted
    version: "1.1.0"
  http_parser:
    dependency: transitive
    description:
      name: http_parser
      url: "https://pub.dartlang.org"
    source: hosted
    version: "4.0.2"
  intl:
    dependency: transitive
    description:
      name: intl
      url: "https://pub.dartlang.org"
    source: hosted
    version: "0.17.0"
  jose:
    dependency: transitive
    description:
      name: jose
      url: "https://pub.dartlang.org"
    source: hosted
    version: "0.3.3"
  js:
    dependency: transitive
    description:
      name: js
      url: "https://pub.dartlang.org"
    source: hosted
    version: "0.6.5"
  json_annotation:
    dependency: transitive
    description:
      name: json_annotation
      url: "https://pub.dartlang.org"
    source: hosted
    version: "4.7.0"
  json_class:
    dependency: transitive
    description:
      name: json_class
      url: "https://pub.dartlang.org"
    source: hosted
    version: "2.1.2+14"
  lints:
    dependency: "direct dev"
    description:
      name: lints
      url: "https://pub.dartlang.org"
    source: hosted
    version: "1.0.1"
  logging:
    dependency: transitive
    description:
      name: logging
      url: "https://pub.dartlang.org"
    source: hosted
    version: "1.1.0"
  matcher:
    dependency: transitive
    description:
      name: matcher
      url: "https://pub.dartlang.org"
    source: hosted
    version: "0.12.14"
  meta:
    dependency: transitive
    description:
      name: meta
      url: "https://pub.dartlang.org"
    source: hosted
    version: "1.8.0"
  mime:
    dependency: transitive
    description:
      name: mime
      url: "https://pub.dartlang.org"
    source: hosted
    version: "1.0.3"
  minio:
    dependency: "direct main"
    description:
      name: minio
      url: "https://pub.dartlang.org"
    source: hosted
    version: "3.5.0"
  mongo_dart:
    dependency: "direct main"
    description:
      name: mongo_dart
      url: "https://pub.dartlang.org"
    source: hosted
    version: "0.7.4+1"
  mongo_dart_query:
    dependency: transitive
    description:
      name: mongo_dart_query
      url: "https://pub.dartlang.org"
    source: hosted
    version: "1.0.2"
  openid_client:
    dependency: transitive
    description:
      name: openid_client
      url: "https://pub.dartlang.org"
    source: hosted
    version: "0.4.7"
  path:
    dependency: transitive
    description:
      name: path
      url: "https://pub.dartlang.org"
    source: hosted
    version: "1.8.3"
  pedantic:
    dependency: transitive
    description:
      name: pedantic
      url: "https://pub.dartlang.org"
    source: hosted
    version: "1.11.1"
  petitparser:
    dependency: transitive
    description:
      name: petitparser
      url: "https://pub.dartlang.org"
    source: hosted
    version: "5.1.0"
  pointycastle:
    dependency: transitive
    description:
      name: pointycastle
      url: "https://pub.dartlang.org"
    source: hosted
    version: "3.6.2"
  pool:
    dependency: transitive
    description:
      name: pool
      url: "https://pub.dartlang.org"
    source: hosted
    version: "1.5.1"
  power_extensions:
    dependency: transitive
    description:
      name: power_extensions
      url: "https://pub.dartlang.org"
    source: hosted
    version: "0.2.2"
  quiver:
    dependency: transitive
    description:
      name: quiver
      url: "https://pub.dartlang.org"
    source: hosted
    version: "3.2.1"
  rational:
    dependency: transitive
    description:
      name: rational
      url: "https://pub.dartlang.org"
    source: hosted
    version: "1.2.1"
  rest_client:
    dependency: "direct main"
    description:
      name: rest_client
      url: "https://pub.dartlang.org"
    source: hosted
    version: "2.2.0+4"
  rxdart:
    dependency: "direct main"
    description:
      name: rxdart
      url: "https://pub.dartlang.org"
    source: hosted
    version: "0.27.7"
  sasl_scram:
    dependency: transitive
    description:
      name: sasl_scram
      url: "https://pub.dartlang.org"
    source: hosted
    version: "0.1.1"
  saslprep:
    dependency: transitive
    description:
      name: saslprep
      url: "https://pub.dartlang.org"
    source: hosted
    version: "1.0.2"
  secretary:
    dependency: "direct main"
    description:
      name: secretary
      url: "https://pub.dartlang.org"
    source: hosted
    version: "0.3.2"
  shelf:
    dependency: "direct main"
    description:
      name: shelf
      url: "https://pub.dartlang.org"
    source: hosted
    version: "1.4.0"
  shelf_cors_headers:
    dependency: "direct main"
    description:
      path: "."
      ref: main
      resolved-ref: a703d9d1bf829eca2f7b395fbaca61e802cebebf
      url: "https://github.com/alexobviously/shelf-cors-headers"
    source: git
    version: "0.1.5"
  shelf_ndjson_stream:
    dependency: "direct main"
    description:
      name: shelf_ndjson_stream
      url: "https://pub.dartlang.org"
    source: hosted
    version: "0.1.0"
  shelf_router:
    dependency: "direct main"
    description:
      name: shelf_router
      url: "https://pub.dartlang.org"
    source: hosted
    version: "1.1.3"
  sortedmap:
    dependency: transitive
    description:
      name: sortedmap
      url: "https://pub.dartlang.org"
    source: hosted
    version: "0.5.2"
  source_span:
    dependency: transitive
    description:
      name: source_span
      url: "https://pub.dartlang.org"
    source: hosted
    version: "1.9.1"
  stack_trace:
    dependency: transitive
    description:
      name: stack_trace
      url: "https://pub.dartlang.org"
    source: hosted
    version: "1.11.0"
  stash:
    dependency: "direct main"
    description:
      name: stash
      url: "https://pub.dartlang.org"
    source: hosted
    version: "4.4.1"
  stash_memory:
    dependency: "direct main"
    description:
      name: stash_memory
      url: "https://pub.dartlang.org"
    source: hosted
    version: "4.4.1"
  stream_channel:
    dependency: transitive
    description:
      name: stream_channel
      url: "https://pub.dartlang.org"
    source: hosted
    version: "2.1.1"
  string_scanner:
    dependency: transitive
    description:
      name: string_scanner
      url: "https://pub.dartlang.org"
    source: hosted
    version: "1.2.0"
  synchronized:
    dependency: transitive
    description:
      name: synchronized
      url: "https://pub.dartlang.org"
    source: hosted
    version: "3.0.0+3"
  term_glyph:
    dependency: transitive
    description:
      name: term_glyph
      url: "https://pub.dartlang.org"
    source: hosted
    version: "1.2.1"
  typed_data:
    dependency: transitive
    description:
      name: typed_data
      url: "https://pub.dartlang.org"
    source: hosted
    version: "1.3.1"
  unorm_dart:
    dependency: transitive
    description:
      name: unorm_dart
      url: "https://pub.dartlang.org"
    source: hosted
    version: "0.2.0"
  uuid:
    dependency: transitive
    description:
      name: uuid
      url: "https://pub.dartlang.org"
    source: hosted
    version: "3.0.7"
  validators:
    dependency: "direct main"
    description:
      name: validators
      url: "https://pub.dartlang.org"
    source: hosted
    version: "3.0.0"
  vy_string_utils:
    dependency: transitive
    description:
      name: vy_string_utils
      url: "https://pub.dartlang.org"
    source: hosted
    version: "0.4.5"
  web_socket_channel:
    dependency: transitive
    description:
      name: web_socket_channel
      url: "https://pub.dartlang.org"
    source: hosted
    version: "2.2.0"
  x509:
    dependency: transitive
    description:
      name: x509
      url: "https://pub.dartlang.org"
    source: hosted
    version: "0.2.3"
  xml:
    dependency: transitive
    description:
      name: xml
      url: "https://pub.dartlang.org"
    source: hosted
    version: "5.4.1"
  yaml:
    dependency: "direct main"
    description:
      name: yaml
      url: "https://pub.dartlang.org"
    source: hosted
    version: "3.1.1"
sdks:
  dart: ">=2.18.0 <3.0.0"
